hash: 51856d41467bd984d4cc80450854866aabefeff8ca61197ae514e9acbb50ec05
updated: 2016-02-05T12:33:19.9055697-07:00
imports:
- name: github.com/coreos/go-semver
  version: d043ae190b3202550d026daf009359bb5d761672
  subpackages:
  - /semver
  - semver
- name: github.com/davecgh/go-spew
  version: 5215b55f46b2b919f50a1df0eaa5886afe4e3b3d
  subpackages:
  - /spew
  - spew
- name: github.com/emicklei/go-restful
  version: abf32aacea4194d93badf851494b54a159daddd2
  subpackages:
  - /swagger
  - swagger
  - log
- name: github.com/ghodss/yaml
  version: 73d445a93680fa1a78ae23a5839bad48f32ba1ee
- name: github.com/godbus/dbus
  version: 7b3b905fed818f8653cda2ddb27605624a182513
- name: github.com/golang/glog
  version: 23def4e6c14b4da8ac2ed8007337bc5eb5007998
- name: github.com/google/gofuzz
  version: fd52762d25a41827db7ef64c43756fd4b9f7e382
- name: github.com/juju/ratelimit
  version: 77ed1c8a01217656d2080ad51981f6e99adaa177
- name: github.com/pborman/uuid
  version: dee7705ef7b324f27ceb85a121c61f2c2e8ce988
- name: github.com/spf13/pflag
  version: 7f60f83a2c81bc3c3c0d5297f61ddfa68da9d3b7
- name: github.com/ugorji/go
  version: 646ae4a518c1c3be0739df898118d9bccf993858
  subpackages:
  - /codec
  - codec
- name: golang.org/x/net
  version: 7f88271ea9913b72aca44fa7fc8af919eacc17ce
  subpackages:
  - /context
  - context
- name: gopkg.in/yaml.v2
  version: f7716cbe52baa25d2e9b0d0da546fcf909fc16b4
- name: speter.net/go/exp/math/dec/inf
  version: 42ca6cd68aa922bc3f32f1e056e61b65945d9ad7
devImports: []
